// !$*UTF8*$!
{
	archiveVersion = 1;
	classes = {
	};
	objectVersion = 56;
	objects = {

/* Begin PBXBuildFile section */
		258A7C61044E638FF1A964E9 /* Pods_PlotApp.framework in Frameworks */ = {isa = PBXBuildFile; fileRef = DFAC455E769CDC79614BA1C0 /* Pods_PlotApp.framework */; };
		901659712A8D12E100842F33 /* AppDelegate.swift in Sources */ = {isa = PBXBuildFile; fileRef = 901659702A8D12E100842F33 /* AppDelegate.swift */; };
		901659732A8D12E100842F33 /* SceneDelegate.swift in Sources */ = {isa = PBXBuildFile; fileRef = 901659722A8D12E100842F33 /* SceneDelegate.swift */; };
		901659752A8D12E100842F33 /* ViewController.swift in Sources */ = {isa = PBXBuildFile; fileRef = 901659742A8D12E100842F33 /* ViewController.swift */; };
		901659782A8D12E100842F33 /* Main.storyboard in Resources */ = {isa = PBXBuildFile; fileRef = 901659762A8D12E100842F33 /* Main.storyboard */; };
		9016597A2A8D12E300842F33 /* Assets.xcassets in Resources */ = {isa = PBXBuildFile; fileRef = 901659792A8D12E300842F33 /* Assets.xcassets */; };
		9016597D2A8D12E300842F33 /* LaunchScreen.storyboard in Resources */ = {isa = PBXBuildFile; fileRef = 9016597B2A8D12E300842F33 /* LaunchScreen.storyboard */; };
		901659852A8D163200842F33 /* DataPoint.swift in Sources */ = {isa = PBXBuildFile; fileRef = 901659842A8D163200842F33 /* DataPoint.swift */; };
		901659872A8D1A4700842F33 /* sample-tsne.json in Resources */ = {isa = PBXBuildFile; fileRef = 901659862A8D1A4700842F33 /* sample-tsne.json */; };
		9099AAF52A9028DE00F2D4CC /* ViewModel.swift in Sources */ = {isa = PBXBuildFile; fileRef = 9099AAF42A9028DE00F2D4CC /* ViewModel.swift */; };
		9099AAF72A90290B00F2D4CC /* AppUtility.swift in Sources */ = {isa = PBXBuildFile; fileRef = 9099AAF62A90290B00F2D4CC /* AppUtility.swift */; };
/* End PBXBuildFile section */

/* Begin PBXFileReference section */
		63AC633C5B31FB605D1B2491 /* Pods-PlotApp.debug.xcconfig */ = {isa = PBXFileReference; includeInIndex = 1; lastKnownFileType = text.xcconfig; name = "Pods-PlotApp.debug.xcconfig"; path = "Target Support Files/Pods-PlotApp/Pods-PlotApp.debug.xcconfig"; sourceTree = "<group>"; };
		8A7819A5E46B002CFE1EA416 /* Pods-PlotApp.release.xcconfig */ = {isa = PBXFileReference; includeInIndex = 1; lastKnownFileType = text.xcconfig; name = "Pods-PlotApp.release.xcconfig"; path = "Target Support Files/Pods-PlotApp/Pods-PlotApp.release.xcconfig"; sourceTree = "<group>"; };
		9016596D2A8D12E100842F33 /* PlotApp.app */ = {isa = PBXFileReference; explicitFileType = wrapper.application; includeInIndex = 0; path = PlotApp.app; sourceTree = BUILT_PRODUCTS_DIR; };
		901659702A8D12E100842F33 /* AppDelegate.swift */ = {isa = PBXFileReference; lastKnownFileType = sourcecode.swift; path = AppDelegate.swift; sourceTree = "<group>"; };
		901659722A8D12E100842F33 /* SceneDelegate.swift */ = {isa = PBXFileReference; lastKnownFileType = sourcecode.swift; path = SceneDelegate.swift; sourceTree = "<group>"; };
		901659742A8D12E100842F33 /* ViewController.swift */ = {isa = PBXFileReference; lastKnownFileType = sourcecode.swift; path = ViewController.swift; sourceTree = "<group>"; };
		901659772A8D12E100842F33 /* Base */ = {isa = PBXFileReference; lastKnownFileType = file.storyboard; name = Base; path = Base.lproj/Main.storyboard; sourceTree = "<group>"; };
		901659792A8D12E300842F33 /* Assets.xcassets */ = {isa = PBXFileReference; lastKnownFileType = folder.assetcatalog; path = Assets.xcassets; sourceTree = "<group>"; };
		9016597C2A8D12E300842F33 /* Base */ = {isa = PBXFileReference; lastKnownFileType = file.storyboard; name = Base; path = Base.lproj/LaunchScreen.storyboard; sourceTree = "<group>"; };
		9016597E2A8D12E300842F33 /* Info.plist */ = {isa = PBXFileReference; lastKnownFileType = text.plist.xml; path = Info.plist; sourceTree = "<group>"; };
		901659842A8D163200842F33 /* DataPoint.swift */ = {isa = PBXFileReference; lastKnownFileType = sourcecode.swift; path = DataPoint.swift; sourceTree = "<group>"; };
		901659862A8D1A4700842F33 /* sample-tsne.json */ = {isa = PBXFileReference; fileEncoding = 4; lastKnownFileType = text.json; path = "sample-tsne.json"; sourceTree = "<group>"; };
		9099AAF42A9028DE00F2D4CC /* ViewModel.swift */ = {isa = PBXFileReference; lastKnownFileType = sourcecode.swift; path = ViewModel.swift; sourceTree = "<group>"; };
		9099AAF62A90290B00F2D4CC /* AppUtility.swift */ = {isa = PBXFileReference; lastKnownFileType = sourcecode.swift; path = AppUtility.swift; sourceTree = "<group>"; };
		DFAC455E769CDC79614BA1C0 /* Pods_PlotApp.framework */ = {isa = PBXFileReference; explicitFileType = wrapper.framework; includeInIndex = 0; path = Pods_PlotApp.framework; sourceTree = BUILT_PRODUCTS_DIR; };
/* End PBXFileReference section */

/* Begin PBXFrameworksBuildPhase section */
		9016596A2A8D12E100842F33 /* Frameworks */ = {
			isa = PBXFrameworksBuildPhase;
			buildActionMask = 2147483647;
			files = (
				258A7C61044E638FF1A964E9 /* Pods_PlotApp.framework in Frameworks */,
			);
			runOnlyForDeploymentPostprocessing = 0;
		};
/* End PBXFrameworksBuildPhase section */

/* Begin PBXGroup section */
		901659642A8D12E100842F33 = {
			isa = PBXGroup;
			children = (
				9016596F2A8D12E100842F33 /* PlotApp */,
				9016596E2A8D12E100842F33 /* Products */,
				9744F54F5E7C96979E87A2E8 /* Pods */,
				E0375075EC9BB724F35D1548 /* Frameworks */,
			);
			sourceTree = "<group>";
		};
		9016596E2A8D12E100842F33 /* Products */ = {
			isa = PBXGroup;
			children = (
				9016596D2A8D12E100842F33 /* PlotApp.app */,
			);
			name = Products;
			sourceTree = "<group>";
		};
		9016596F2A8D12E100842F33 /* PlotApp */ = {
			isa = PBXGroup;
			children = (
				901659862A8D1A4700842F33 /* sample-tsne.json */,
				901659702A8D12E100842F33 /* AppDelegate.swift */,
				901659722A8D12E100842F33 /* SceneDelegate.swift */,
				901659742A8D12E100842F33 /* ViewController.swift */,
				9099AAF62A90290B00F2D4CC /* AppUtility.swift */,
				9099AAF42A9028DE00F2D4CC /* ViewModel.swift */,
				901659842A8D163200842F33 /* DataPoint.swift */,
				901659762A8D12E100842F33 /* Main.storyboard */,
				901659792A8D12E300842F33 /* Assets.xcassets */,
				9016597B2A8D12E300842F33 /* LaunchScreen.storyboard */,
				9016597E2A8D12E300842F33 /* Info.plist */,
			);
			path = PlotApp;
			sourceTree = "<group>";
		};
		9744F54F5E7C96979E87A2E8 /* Pods */ = {
			isa = PBXGroup;
			children = (
				63AC633C5B31FB605D1B2491 /* Pods-PlotApp.debug.xcconfig */,
				8A7819A5E46B002CFE1EA416 /* Pods-PlotApp.release.xcconfig */,
			);
			path = Pods;
			sourceTree = "<group>";
		};
		E0375075EC9BB724F35D1548 /* Frameworks */ = {
			isa = PBXGroup;
			children = (
				DFAC455E769CDC79614BA1C0 /* Pods_PlotApp.framework */,
			);
			name = Frameworks;
			sourceTree = "<group>";
		};
/* End PBXGroup section */

/* Begin PBXNativeTarget section */
		9016596C2A8D12E100842F33 /* PlotApp */ = {
			isa = PBXNativeTarget;
			buildConfigurationList = 901659812A8D12E300842F33 /* Build configuration list for PBXNativeTarget "PlotApp" */;
			buildPhases = (
				E613BD56BB9CA16FE98D20BD /* [CP] Check Pods Manifest.lock */,
				901659692A8D12E100842F33 /* Sources */,
				9016596A2A8D12E100842F33 /* Frameworks */,
				9016596B2A8D12E100842F33 /* Resources */,
				4D77B6E01C466AB8E4E7060F /* [CP] Embed Pods Frameworks */,
			);
			buildRules = (
			);
			dependencies = (
			);
			name = PlotApp;
			productName = PlotApp;
			productReference = 9016596D2A8D12E100842F33 /* PlotApp.app */;
			productType = "com.apple.product-type.application";
		};
/* End PBXNativeTarget section */

/* Begin PBXProject section */
		901659652A8D12E100842F33 /* Project object */ = {
			isa = PBXProject;
			attributes = {
				BuildIndependentTargetsInParallel = 1;
				LastSwiftUpdateCheck = 1420;
				LastUpgradeCheck = 1420;
				TargetAttributes = {
					9016596C2A8D12E100842F33 = {
						CreatedOnToolsVersion = 14.2;
					};
				};
			};
			buildConfigurationList = 901659682A8D12E100842F33 /* Build configuration list for PBXProject "PlotApp" */;
			compatibilityVersion = "Xcode 14.0";
			developmentRegion = en;
			hasScannedForEncodings = 0;
			knownRegions = (
				en,
				Base,
			);
			mainGroup = 901659642A8D12E100842F33;
			productRefGroup = 9016596E2A8D12E100842F33 /* Products */;
			projectDirPath = "";
			projectRoot = "";
			targets = (
				9016596C2A8D12E100842F33 /* PlotApp */,
			);
		};
/* End PBXProject section */

/* Begin PBXResourcesBuildPhase section */
		9016596B2A8D12E100842F33 /* Resources */ = {
			isa = PBXResourcesBuildPhase;
			buildActionMask = 2147483647;
			files = (
				9016597D2A8D12E300842F33 /* LaunchScreen.storyboard in Resources */,
				901659872A8D1A4700842F33 /* sample-tsne.json in Resources */,
				9016597A2A8D12E300842F33 /* Assets.xcassets in Resources */,
				901659782A8D12E100842F33 /* Main.storyboard in Resources */,
			);
			runOnlyForDeploymentPostprocessing = 0;
		};
/* End PBXResourcesBuildPhase section */

/* Begin PBXShellScriptBuildPhase section */
		4D77B6E01C466AB8E4E7060F /* [CP] Embed Pods Frameworks */ = {
			isa = PBXShellScriptBuildPhase;
			buildActionMask = 2147483647;
			files = (
			);
			inputFileListPaths = (
				"${PODS_ROOT}/Target Support Files/Pods-PlotApp/Pods-PlotApp-frameworks-${CONFIGURATION}-input-files.xcfilelist",
			);
			name = "[CP] Embed Pods Frameworks";
			outputFileListPaths = (
				"${PODS_ROOT}/Target Support Files/Pods-PlotApp/Pods-PlotApp-frameworks-${CONFIGURATION}-output-files.xcfilelist",
			);
			runOnlyForDeploymentPostprocessing = 0;
			shellPath = /bin/sh;
			shellScript = "\"${PODS_ROOT}/Target Support Files/Pods-PlotApp/Pods-PlotApp-frameworks.sh\"\n";
			showEnvVarsInLog = 0;
		};
		E613BD56BB9CA16FE98D20BD /* [CP] Check Pods Manifest.lock */ = {
			isa = PBXShellScriptBuildPhase;
			buildActionMask = 2147483647;
			files = (
			);
			inputFileListPaths = (
			);
			inputPaths = (
				"${PODS_PODFILE_DIR_PATH}/Podfile.lock",
				"${PODS_ROOT}/Manifest.lock",
			);
			name = "[CP] Check Pods Manifest.lock";
			outputFileListPaths = (
			);
			outputPaths = (
				"$(DERIVED_FILE_DIR)/Pods-PlotApp-checkManifestLockResult.txt",
			);
			runOnlyForDeploymentPostprocessing = 0;
			shellPath = /bin/sh;
			shellScript = "diff \"${PODS_PODFILE_DIR_PATH}/Podfile.lock\" \"${PODS_ROOT}/Manifest.lock\" > /dev/null\nif [ $? != 0 ] ; then\n    # print error to STDERR\n    echo \"error: The sandbox is not in sync with the Podfile.lock. Run 'pod install' or update your CocoaPods installation.\" >&2\n    exit 1\nfi\n# This output is used by Xcode 'outputs' to avoid re-running this script phase.\necho \"SUCCESS\" > \"${SCRIPT_OUTPUT_FILE_0}\"\n";
			showEnvVarsInLog = 0;
		};
/* End PBXShellScriptBuildPhase section */

/* Begin PBXSourcesBuildPhase section */
		901659692A8D12E100842F33 /* Sources */ = {
			isa = PBXSourcesBuildPhase;
			buildActionMask = 2147483647;
			files = (
				9099AAF52A9028DE00F2D4CC /* ViewModel.swift in Sources */,
				901659752A8D12E100842F33 /* ViewController.swift in Sources */,
				9099AAF72A90290B00F2D4CC /* AppUtility.swift in Sources */,
				901659712A8D12E100842F33 /* AppDelegate.swift in Sources */,
				901659732A8D12E100842F33 /* SceneDelegate.swift in Sources */,
				901659852A8D163200842F33 /* DataPoint.swift in Sources */,
			);
			runOnlyForDeploymentPostprocessing = 0;
		};
/* End PBXSourcesBuildPhase section */

/* Begin PBXVariantGroup section */
		901659762A8D12E100842F33 /* Main.storyboard */ = {
			isa = PBXVariantGroup;
			children = (
				901659772A8D12E100842F33 /* Base */,
			);
			name = Main.storyboard;
			sourceTree = "<group>";
		};
		9016597B2A8D12E300842F33 /* LaunchScreen.storyboard */ = {
			isa = PBXVariantGroup;
			children = (
				9016597C2A8D12E300842F33 /* Base */,
			);
			name = LaunchScreen.storyboard;
			sourceTree = "<group>";
		};
/* End PBXVariantGroup section */

/* Begin XCBuildConfiguration section */
		9016597F2A8D12E300842F33 /* Debug */ = {
			isa = XCBuildConfiguration;
			buildSettings = {
				ALWAYS_SEARCH_USER_PATHS = NO;
				CLANG_ANALYZER_NONNULL = YES;
				CLANG_ANALYZER_NUMBER_OBJECT_CONVERSION = YES_AGGRESSIVE;
				CLANG_CXX_LANGUAGE_STANDARD = "gnu++20";
				CLANG_ENABLE_MODULES = YES;
				CLANG_ENABLE_OBJC_ARC = YES;
				CLANG_ENABLE_OBJC_WEAK = YES;
				CLANG_WARN_BLOCK_CAPTURE_AUTORELEASING = YES;
				CLANG_WARN_BOOL_CONVERSION = YES;
				CLANG_WARN_COMMA = YES;
				CLANG_WARN_CONSTANT_CONVERSION = YES;
				CLANG_WARN_DEPRECATED_OBJC_IMPLEMENTATIONS = YES;
				CLANG_WARN_DIRECT_OBJC_ISA_USAGE = YES_ERROR;
				CLANG_WARN_DOCUMENTATION_COMMENTS = YES;
				CLANG_WARN_EMPTY_BODY = YES;
				CLANG_WARN_ENUM_CONVERSION = YES;
				CLANG_WARN_INFINITE_RECURSION = YES;
				CLANG_WARN_INT_CONVERSION = YES;
				CLANG_WARN_NON_LITERAL_NULL_CONVERSION = YES;
				CLANG_WARN_OBJC_IMPLICIT_RETAIN_SELF = YES;
				CLANG_WARN_OBJC_LITERAL_CONVERSION = YES;
				CLANG_WARN_OBJC_ROOT_CLASS = YES_ERROR;
				CLANG_WARN_QUOTED_INCLUDE_IN_FRAMEWORK_HEADER = YES;
				CLANG_WARN_RANGE_LOOP_ANALYSIS = YES;
				CLANG_WARN_STRICT_PROTOTYPES = YES;
				CLANG_WARN_SUSPICIOUS_MOVE = YES;
				CLANG_WARN_UNGUARDED_AVAILABILITY = YES_AGGRESSIVE;
				CLANG_WARN_UNREACHABLE_CODE = YES;
				CLANG_WARN__DUPLICATE_METHOD_MATCH = YES;
				COPY_PHASE_STRIP = NO;
				DEBUG_INFORMATION_FORMAT = dwarf;
				ENABLE_STRICT_OBJC_MSGSEND = YES;
				ENABLE_TESTABILITY = YES;
				GCC_C_LANGUAGE_STANDARD = gnu11;
				GCC_DYNAMIC_NO_PIC = NO;
				GCC_NO_COMMON_BLOCKS = YES;
				GCC_OPTIMIZATION_LEVEL = 0;
				GCC_PREPROCESSOR_DEFINITIONS = (
					"DEBUG=1",
					"$(inherited)",
				);
				GCC_WARN_64_TO_32_BIT_CONVERSION = YES;
				GCC_WARN_ABOUT_RETURN_TYPE = YES_ERROR;
				GCC_WARN_UNDECLARED_SELECTOR = YES;
				GCC_WARN_UNINITIALIZED_AUTOS = YES_AGGRESSIVE;
				GCC_WARN_UNUSED_FUNCTION = YES;
				GCC_WARN_UNUSED_VARIABLE = YES;
				IPHONEOS_DEPLOYMENT_TARGET = 16.2;
				MTL_ENABLE_DEBUG_INFO = INCLUDE_SOURCE;
				MTL_FAST_MATH = YES;
				ONLY_ACTIVE_ARCH = YES;
				SDKROOT = iphoneos;
				SWIFT_ACTIVE_COMPILATION_CONDITIONS = DEBUG;
				SWIFT_OPTIMIZATION_LEVEL = "-Onone";
			};
			name = Debug;
		};
		901659802A8D12E300842F33 /* Release */ = {
			isa = XCBuildConfiguration;
			buildSettings = {
				ALWAYS_SEARCH_USER_PATHS = NO;
				CLANG_ANALYZER_NONNULL = YES;
				CLANG_ANALYZER_NUMBER_OBJECT_CONVERSION = YES_AGGRESSIVE;
				CLANG_CXX_LANGUAGE_STANDARD = "gnu++20";
				CLANG_ENABLE_MODULES = YES;
				CLANG_ENABLE_OBJC_ARC = YES;
				CLANG_ENABLE_OBJC_WEAK = YES;
				CLANG_WARN_BLOCK_CAPTURE_AUTORELEASING = YES;
				CLANG_WARN_BOOL_CONVERSION = YES;
				CLANG_WARN_COMMA = YES;
				CLANG_WARN_CONSTANT_CONVERSION = YES;
				CLANG_WARN_DEPRECATED_OBJC_IMPLEMENTATIONS = YES;
				CLANG_WARN_DIRECT_OBJC_ISA_USAGE = YES_ERROR;
				CLANG_WARN_DOCUMENTATION_COMMENTS = YES;
				CLANG_WARN_EMPTY_BODY = YES;
				CLANG_WARN_ENUM_CONVERSION = YES;
				CLANG_WARN_INFINITE_RECURSION = YES;
				CLANG_WARN_INT_CONVERSION = YES;
				CLANG_WARN_NON_LITERAL_NULL_CONVERSION = YES;
				CLANG_WARN_OBJC_IMPLICIT_RETAIN_SELF = YES;
				CLANG_WARN_OBJC_LITERAL_CONVERSION = YES;
				CLANG_WARN_OBJC_ROOT_CLASS = YES_ERROR;
				CLANG_WARN_QUOTED_INCLUDE_IN_FRAMEWORK_HEADER = YES;
				CLANG_WARN_RANGE_LOOP_ANALYSIS = YES;
				CLANG_WARN_STRICT_PROTOTYPES = YES;
				CLANG_WARN_SUSPICIOUS_MOVE = YES;
				CLANG_WARN_UNGUARDED_AVAILABILITY = YES_AGGRESSIVE;
				CLANG_WARN_UNREACHABLE_CODE = YES;
				CLANG_WARN__DUPLICATE_METHOD_MATCH = YES;
				COPY_PHASE_STRIP = NO;
				DEBUG_INFORMATION_FORMAT = "dwarf-with-dsym";
				ENABLE_NS_ASSERTIONS = NO;
				ENABLE_STRICT_OBJC_MSGSEND = YES;
				GCC_C_LANGUAGE_STANDARD = gnu11;
				GCC_NO_COMMON_BLOCKS = YES;
				GCC_WARN_64_TO_32_BIT_CONVERSION = YES;
				GCC_WARN_ABOUT_RETURN_TYPE = YES_ERROR;
				GCC_WARN_UNDECLARED_SELECTOR = YES;
				GCC_WARN_UNINITIALIZED_AUTOS = YES_AGGRESSIVE;
				GCC_WARN_UNUSED_FUNCTION = YES;
				GCC_WARN_UNUSED_VARIABLE = YES;
				IPHONEOS_DEPLOYMENT_TARGET = 16.2;
				MTL_ENABLE_DEBUG_INFO = NO;
				MTL_FAST_MATH = YES;
				SDKROOT = iphoneos;
				SWIFT_COMPILATION_MODE = wholemodule;
				SWIFT_OPTIMIZATION_LEVEL = "-O";
				VALIDATE_PRODUCT = YES;
			};
			name = Release;
		};
		901659822A8D12E300842F33 /* Debug */ = {
			isa = XCBuildConfiguration;
			baseConfigurationReference = 63AC633C5B31FB605D1B2491 /* Pods-PlotApp.debug.xcconfig */;
			buildSettings = {
				ASSETCATALOG_COMPILER_APPICON_NAME = AppIcon;
				ASSETCATALOG_COMPILER_GLOBAL_ACCENT_COLOR_NAME = AccentColor;
				CODE_SIGN_STYLE = Automatic;
				CURRENT_PROJECT_VERSION = 1;
				DEVELOPMENT_TEAM = 5YN45F5472;
				GENERATE_INFOPLIST_FILE = YES;
				INFOPLIST_FILE = PlotApp/Info.plist;
				INFOPLIST_KEY_UIApplicationSupportsIndirectInputEvents = YES;
				INFOPLIST_KEY_UILaunchStoryboardName = LaunchScreen;
				INFOPLIST_KEY_UIMainStoryboardFile = Main;
				INFOPLIST_KEY_UISupportedInterfaceOrientations_iPad = "UIInterfaceOrientationPortrait UIInterfaceOrientationPortraitUpsideDown UIInterfaceOrientationLandscapeLeft UIInterfaceOrientationLandscapeRight";
				INFOPLIST_KEY_UISupportedInterfaceOrientations_iPhone = "UIInterfaceOrientationPortrait UIInterfaceOrientationLandscapeLeft UIInterfaceOrientationLandscapeRight";
				LD_RUNPATH_SEARCH_PATHS = (
					"$(inherited)",
					"@executable_path/Frameworks",
				);
				MARKETING_VERSION = 1.0;
				PRODUCT_BUNDLE_IDENTIFIER = lProducts.PlotApp;
				PRODUCT_NAME = "$(TARGET_NAME)";
				SWIFT_EMIT_LOC_STRINGS = YES;
				SWIFT_VERSION = 5.0;
				TARGETED_DEVICE_FAMILY = "1,2";
			};
			name = Debug;
		};
		901659832A8D12E300842F33 /* Release */ = {
			isa = XCBuildConfiguration;
			baseConfigurationReference = 8A7819A5E46B002CFE1EA416 /* Pods-PlotApp.release.xcconfig */;
			buildSettings = {
				ASSETCATALOG_COMPILER_APPICON_NAME = AppIcon;
				ASSETCATALOG_COMPILER_GLOBAL_ACCENT_COLOR_NAME = AccentColor;
				CODE_SIGN_STYLE = Automatic;
				CURRENT_PROJECT_VERSION = 1;
				DEVELOPMENT_TEAM = 5YN45F5472;
				GENERATE_INFOPLIST_FILE = YES;
				INFOPLIST_FILE = PlotApp/Info.plist;
				INFOPLIST_KEY_UIApplicationSupportsIndirectInputEvents = YES;
				INFOPLIST_KEY_UILaunchStoryboardName = LaunchScreen;
				INFOPLIST_KEY_UIMainStoryboardFile = Main;
				INFOPLIST_KEY_UISupportedInterfaceOrientations_iPad = "UIInterfaceOrientationPortrait UIInterfaceOrientationPortraitUpsideDown UIInterfaceOrientationLandscapeLeft UIInterfaceOrientationLandscapeRight";
				INFOPLIST_KEY_UISupportedInterfaceOrientations_iPhone = "UIInterfaceOrientationPortrait UIInterfaceOrientationLandscapeLeft UIInterfaceOrientationLandscapeRight";
				LD_RUNPATH_SEARCH_PATHS = (
					"$(inherited)",
					"@executable_path/Frameworks",
				);
				MARKETING_VERSION = 1.0;
				PRODUCT_BUNDLE_IDENTIFIER = lProducts.PlotApp;
				PRODUCT_NAME = "$(TARGET_NAME)";
				SWIFT_EMIT_LOC_STRINGS = YES;
				SWIFT_VERSION = 5.0;
				TARGETED_DEVICE_FAMILY = "1,2";
			};
			name = Release;
		};
/* End XCBuildConfiguration section */

/* Begin XCConfigurationList section */
		901659682A8D12E100842F33 /* Build configuration list for PBXProject "PlotApp" */ = {
			isa = XCConfigurationList;
			buildConfigurations = (
				9016597F2A8D12E300842F33 /* Debug */,
				901659802A8D12E300842F33 /* Release */,
			);
			defaultConfigurationIsVisible = 0;
			defaultConfigurationName = Release;
		};
		901659812A8D12E300842F33 /* Build configuration list for PBXNativeTarget "PlotApp" */ = {
			isa = XCConfigurationList;
			buildConfigurations = (
				901659822A8D12E300842F33 /* Debug */,
				901659832A8D12E300842F33 /* Release */,
			);
			defaultConfigurationIsVisible = 0;
			defaultConfigurationName = Release;
		};
/* End XCConfigurationList section */
	};
	rootObject = 901659652A8D12E100842F33 /* Project object */;
}
